// !$*UTF8*$!
{
	archiveVersion = 1;
	classes = {
	};
	objectVersion = 50;
	objects = {

/* Begin PBXBuildFile section */
		8403362223FC115F000620F3 /* AppDelegate.swift in Sources */ = {isa = PBXBuildFile; fileRef = 8403362123FC115F000620F3 /* AppDelegate.swift */; };
		8403362423FC115F000620F3 /* SceneDelegate.swift in Sources */ = {isa = PBXBuildFile; fileRef = 8403362323FC115F000620F3 /* SceneDelegate.swift */; };
		8403362623FC115F000620F3 /* ViewController.swift in Sources */ = {isa = PBXBuildFile; fileRef = 8403362523FC115F000620F3 /* ViewController.swift */; };
		8403362923FC115F000620F3 /* Main.storyboard in Resources */ = {isa = PBXBuildFile; fileRef = 8403362723FC115F000620F3 /* Main.storyboard */; };
		8403362B23FC1161000620F3 /* Assets.xcassets in Resources */ = {isa = PBXBuildFile; fileRef = 8403362A23FC1161000620F3 /* Assets.xcassets */; };
		8403362E23FC1161000620F3 /* LaunchScreen.storyboard in Resources */ = {isa = PBXBuildFile; fileRef = 8403362C23FC1161000620F3 /* LaunchScreen.storyboard */; };
		8403363723FC11BE000620F3 /* XIBTableViewCell.swift in Sources */ = {isa = PBXBuildFile; fileRef = 8403363523FC11BE000620F3 /* XIBTableViewCell.swift */; };
		8403363823FC11BE000620F3 /* XIBTableViewCell.xib in Resources */ = {isa = PBXBuildFile; fileRef = 8403363623FC11BE000620F3 /* XIBTableViewCell.xib */; };
		8403363A23FC12E5000620F3 /* CODETableViewCell.swift in Sources */ = {isa = PBXBuildFile; fileRef = 8403363923FC12E5000620F3 /* CODETableViewCell.swift */; };
		8403363C23FC1D4D000620F3 /* book.png in Resources */ = {isa = PBXBuildFile; fileRef = 8403363B23FC1D4D000620F3 /* book.png */; };
/* End PBXBuildFile section */

/* Begin PBXFileReference section */
		8403361E23FC115F000620F3 /* TableViewDemo.app */ = {isa = PBXFileReference; explicitFileType = wrapper.application; includeInIndex = 0; path = TableViewDemo.app; sourceTree = BUILT_PRODUCTS_DIR; };
		8403362123FC115F000620F3 /* AppDelegate.swift */ = {isa = PBXFileReference; lastKnownFileType = sourcecode.swift; path = AppDelegate.swift; sourceTree = "<group>"; };
		8403362323FC115F000620F3 /* SceneDelegate.swift */ = {isa = PBXFileReference; lastKnownFileType = sourcecode.swift; path = SceneDelegate.swift; sourceTree = "<group>"; };
		8403362523FC115F000620F3 /* ViewController.swift */ = {isa = PBXFileReference; lastKnownFileType = sourcecode.swift; path = ViewController.swift; sourceTree = "<group>"; };
		8403362823FC115F000620F3 /* Base */ = {isa = PBXFileReference; lastKnownFileType = file.storyboard; name = Base; path = Base.lproj/Main.storyboard; sourceTree = "<group>"; };
		8403362A23FC1161000620F3 /* Assets.xcassets */ = {isa = PBXFileReference; lastKnownFileType = folder.assetcatalog; path = Assets.xcassets; sourceTree = "<group>"; };
		8403362D23FC1161000620F3 /* Base */ = {isa = PBXFileReference; lastKnownFileType = file.storyboard; name = Base; path = Base.lproj/LaunchScreen.storyboard; sourceTree = "<group>"; };
		8403362F23FC1161000620F3 /* Info.plist */ = {isa = PBXFileReference; lastKnownFileType = text.plist.xml; path = Info.plist; sourceTree = "<group>"; };
		8403363523FC11BE000620F3 /* XIBTableViewCell.swift */ = {isa = PBXFileReference; lastKnownFileType = sourcecode.swift; path = XIBTableViewCell.swift; sourceTree = "<group>"; };
		8403363623FC11BE000620F3 /* XIBTableViewCell.xib */ = {isa = PBXFileReference; lastKnownFileType = file.xib; path = XIBTableViewCell.xib; sourceTree = "<group>"; };
		8403363923FC12E5000620F3 /* CODETableViewCell.swift */ = {isa = PBXFileReference; lastKnownFileType = sourcecode.swift; path = CODETableViewCell.swift; sourceTree = "<group>"; };
		8403363B23FC1D4D000620F3 /* book.png */ = {isa = PBXFileReference; lastKnownFileType = image.png; path = book.png; sourceTree = "<group>"; };
/* End PBXFileReference section */

/* Begin PBXFrameworksBuildPhase section */
		8403361B23FC115F000620F3 /* Frameworks */ = {
			isa = PBXFrameworksBuildPhase;
			buildActionMask = 2147483647;
			files = (
			);
			runOnlyForDeploymentPostprocessing = 0;
		};
/* End PBXFrameworksBuildPhase section */

/* Begin PBXGroup section */
		8403361523FC115F000620F3 = {
			isa = PBXGroup;
			children = (
				8403362023FC115F000620F3 /* TableViewDemo */,
				8403361F23FC115F000620F3 /* Products */,
			);
			sourceTree = "<group>";
		};
		8403361F23FC115F000620F3 /* Products */ = {
			isa = PBXGroup;
			children = (
				8403361E23FC115F000620F3 /* TableViewDemo.app */,
			);
			name = Products;
			sourceTree = "<group>";
		};
		8403362023FC115F000620F3 /* TableViewDemo */ = {
			isa = PBXGroup;
			children = (
				8403362123FC115F000620F3 /* AppDelegate.swift */,
				8403362323FC115F000620F3 /* SceneDelegate.swift */,
				8403362523FC115F000620F3 /* ViewController.swift */,
				8403362723FC115F000620F3 /* Main.storyboard */,
				8403363523FC11BE000620F3 /* XIBTableViewCell.swift */,
				8403363623FC11BE000620F3 /* XIBTableViewCell.xib */,
				8403362A23FC1161000620F3 /* Assets.xcassets */,
				8403363B23FC1D4D000620F3 /* book.png */,
				8403363923FC12E5000620F3 /* CODETableViewCell.swift */,
				8403362C23FC1161000620F3 /* LaunchScreen.storyboard */,
				8403362F23FC1161000620F3 /* Info.plist */,
			);
			path = TableViewDemo;
			sourceTree = "<group>";
		};
/* End PBXGroup section */

/* Begin PBXNativeTarget section */
		8403361D23FC115F000620F3 /* TableViewDemo */ = {
			isa = PBXNativeTarget;
			buildConfigurationList = 8403363223FC1161000620F3 /* Build configuration list for PBXNativeTarget "TableViewDemo" */;
			buildPhases = (
				8403361A23FC115F000620F3 /* Sources */,
				8403361B23FC115F000620F3 /* Frameworks */,
				8403361C23FC115F000620F3 /* Resources */,
			);
			buildRules = (
			);
			dependencies = (
			);
			name = TableViewDemo;
			productName = TableViewDemo;
			productReference = 8403361E23FC115F000620F3 /* TableViewDemo.app */;
			productType = "com.apple.product-type.application";
		};
/* End PBXNativeTarget section */

/* Begin PBXProject section */
		8403361623FC115F000620F3 /* Project object */ = {
			isa = PBXProject;
			attributes = {
				LastSwiftUpdateCheck = 1120;
				LastUpgradeCheck = 1120;
				ORGANIZATIONNAME = "Vadim Zhuk";
				TargetAttributes = {
					8403361D23FC115F000620F3 = {
						CreatedOnToolsVersion = 11.2.1;
					};
				};
			};
			buildConfigurationList = 8403361923FC115F000620F3 /* Build configuration list for PBXProject "TableViewDemo" */;
			compatibilityVersion = "Xcode 9.3";
			developmentRegion = en;
			hasScannedForEncodings = 0;
			knownRegions = (
				en,
				Base,
			);
			mainGroup = 8403361523FC115F000620F3;
			productRefGroup = 8403361F23FC115F000620F3 /* Products */;
			projectDirPath = "";
			projectRoot = "";
			targets = (
				8403361D23FC115F000620F3 /* TableViewDemo */,
			);
		};
/* End PBXProject section */

/* Begin PBXResourcesBuildPhase section */
		8403361C23FC115F000620F3 /* Resources */ = {
			isa = PBXResourcesBuildPhase;
			buildActionMask = 2147483647;
			files = (
				8403362E23FC1161000620F3 /* LaunchScreen.storyboard in Resources */,
				8403363C23FC1D4D000620F3 /* book.png in Resources */,
				8403362B23FC1161000620F3 /* Assets.xcassets in Resources */,
				8403362923FC115F000620F3 /* Main.storyboard in Resources */,
				8403363823FC11BE000620F3 /* XIBTableViewCell.xib in Resources */,
			);
			runOnlyForDeploymentPostprocessing = 0;
		};
/* End PBXResourcesBuildPhase section */

/* Begin PBXSourcesBuildPhase section */
		8403361A23FC115F000620F3 /* Sources */ = {
			isa = PBXSourcesBuildPhase;
			buildActionMask = 2147483647;
			files = (
				8403362623FC115F000620F3 /* ViewController.swift in Sources */,
				8403362223FC115F000620F3 /* AppDelegate.swift in Sources */,
				8403362423FC115F000620F3 /* SceneDelegate.swift in Sources */,
				8403363723FC11BE000620F3 /* XIBTableViewCell.swift in Sources */,
				8403363A23FC12E5000620F3 /* CODETableViewCell.swift in Sources */,
			);
			runOnlyForDeploymentPostprocessing = 0;
		};
/* End PBXSourcesBuildPhase section */

/* Begin PBXVariantGroup section */
		8403362723FC115F000620F3 /* Main.storyboard */ = {
			isa = PBXVariantGroup;
			children = (
				8403362823FC115F000620F3 /* Base */,
			);
			name = Main.storyboard;
			sourceTree = "<group>";
		};
		8403362C23FC1161000620F3 /* LaunchScreen.storyboard */ = {
			isa = PBXVariantGroup;
			children = (
				8403362D23FC1161000620F3 /* Base */,
			);
			name = LaunchScreen.storyboard;
			sourceTree = "<group>";
		};
/* End PBXVariantGroup section */

/* Begin XCBuildConfiguration section */
		8403363023FC1161000620F3 /* Debug */ = {
			isa = XCBuildConfiguration;
			buildSettings = {
				ALWAYS_SEARCH_USER_PATHS = NO;
				CLANG_ANALYZER_NONNULL = YES;
				CLANG_ANALYZER_NUMBER_OBJECT_CONVERSION = YES_AGGRESSIVE;
				CLANG_CXX_LANGUAGE_STANDARD = "gnu++14";
				CLANG_CXX_LIBRARY = "libc++";
				CLANG_ENABLE_MODULES = YES;
				CLANG_ENABLE_OBJC_ARC = YES;
				CLANG_ENABLE_OBJC_WEAK = YES;
				CLANG_WARN_BLOCK_CAPTURE_AUTORELEASING = YES;
				CLANG_WARN_BOOL_CONVERSION = YES;
				CLANG_WARN_COMMA = YES;
				CLANG_WARN_CONSTANT_CONVERSION = YES;
				CLANG_WARN_DEPRECATED_OBJC_IMPLEMENTATIONS = YES;
				CLANG_WARN_DIRECT_OBJC_ISA_USAGE = YES_ERROR;
				CLANG_WARN_DOCUMENTATION_COMMENTS = YES;
				CLANG_WARN_EMPTY_BODY = YES;
				CLANG_WARN_ENUM_CONVERSION = YES;
				CLANG_WARN_INFINITE_RECURSION = YES;
				CLANG_WARN_INT_CONVERSION = YES;
				CLANG_WARN_NON_LITERAL_NULL_CONVERSION = YES;
				CLANG_WARN_OBJC_IMPLICIT_RETAIN_SELF = YES;
				CLANG_WARN_OBJC_LITERAL_CONVERSION = YES;
				CLANG_WARN_OBJC_ROOT_CLASS = YES_ERROR;
				CLANG_WARN_RANGE_LOOP_ANALYSIS = YES;
				CLANG_WARN_STRICT_PROTOTYPES = YES;
				CLANG_WARN_SUSPICIOUS_MOVE = YES;
				CLANG_WARN_UNGUARDED_AVAILABILITY = YES_AGGRESSIVE;
				CLANG_WARN_UNREACHABLE_CODE = YES;
				CLANG_WARN__DUPLICATE_METHOD_MATCH = YES;
				COPY_PHASE_STRIP = NO;
				DEBUG_INFORMATION_FORMAT = dwarf;
				ENABLE_STRICT_OBJC_MSGSEND = YES;
				ENABLE_TESTABILITY = YES;
				GCC_C_LANGUAGE_STANDARD = gnu11;
				GCC_DYNAMIC_NO_PIC = NO;
				GCC_NO_COMMON_BLOCKS = YES;
				GCC_OPTIMIZATION_LEVEL = 0;
				GCC_PREPROCESSOR_DEFINITIONS = (
					"DEBUG=1",
					"$(inherited)",
				);
				GCC_WARN_64_TO_32_BIT_CONVERSION = YES;
				GCC_WARN_ABOUT_RETURN_TYPE = YES_ERROR;
				GCC_WARN_UNDECLARED_SELECTOR = YES;
				GCC_WARN_UNINITIALIZED_AUTOS = YES_AGGRESSIVE;
				GCC_WARN_UNUSED_FUNCTION = YES;
				GCC_WARN_UNUSED_VARIABLE = YES;
				IPHONEOS_DEPLOYMENT_TARGET = 13.2;
				MTL_ENABLE_DEBUG_INFO = INCLUDE_SOURCE;
				MTL_FAST_MATH = YES;
				ONLY_ACTIVE_ARCH = YES;
				SDKROOT = iphoneos;
				SWIFT_ACTIVE_COMPILATION_CONDITIONS = DEBUG;
				SWIFT_OPTIMIZATION_LEVEL = "-Onone";
			};
			name = Debug;
		};
		8403363123FC1161000620F3 /* Release */ = {
			isa = XCBuildConfiguration;
			buildSettings = {
				ALWAYS_SEARCH_USER_PATHS = NO;
				CLANG_ANALYZER_NONNULL = YES;
				CLANG_ANALYZER_NUMBER_OBJECT_CONVERSION = YES_AGGRESSIVE;
				CLANG_CXX_LANGUAGE_STANDARD = "gnu++14";
				CLANG_CXX_LIBRARY = "libc++";
				CLANG_ENABLE_MODULES = YES;
				CLANG_ENABLE_OBJC_ARC = YES;
				CLANG_ENABLE_OBJC_WEAK = YES;
				CLANG_WARN_BLOCK_CAPTURE_AUTORELEASING = YES;
				CLANG_WARN_BOOL_CONVERSION = YES;
				CLANG_WARN_COMMA = YES;
				CLANG_WARN_CONSTANT_CONVERSION = YES;
				CLANG_WARN_DEPRECATED_OBJC_IMPLEMENTATIONS = YES;
				CLANG_WARN_DIRECT_OBJC_ISA_USAGE = YES_ERROR;
				CLANG_WARN_DOCUMENTATION_COMMENTS = YES;
				CLANG_WARN_EMPTY_BODY = YES;
				CLANG_WARN_ENUM_CONVERSION = YES;
				CLANG_WARN_INFINITE_RECURSION = YES;
				CLANG_WARN_INT_CONVERSION = YES;
				CLANG_WARN_NON_LITERAL_NULL_CONVERSION = YES;
				CLANG_WARN_OBJC_IMPLICIT_RETAIN_SELF = YES;
				CLANG_WARN_OBJC_LITERAL_CONVERSION = YES;
				CLANG_WARN_OBJC_ROOT_CLASS = YES_ERROR;
				CLANG_WARN_RANGE_LOOP_ANALYSIS = YES;
				CLANG_WARN_STRICT_PROTOTYPES = YES;
				CLANG_WARN_SUSPICIOUS_MOVE = YES;
				CLANG_WARN_UNGUARDED_AVAILABILITY = YES_AGGRESSIVE;
				CLANG_WARN_UNREACHABLE_CODE = YES;
				CLANG_WARN__DUPLICATE_METHOD_MATCH = YES;
				COPY_PHASE_STRIP = NO;
				DEBUG_INFORMATION_FORMAT = "dwarf-with-dsym";
				ENABLE_NS_ASSERTIONS = NO;
				ENABLE_STRICT_OBJC_MSGSEND = YES;
				GCC_C_LANGUAGE_STANDARD = gnu11;
				GCC_NO_COMMON_BLOCKS = YES;
				GCC_WARN_64_TO_32_BIT_CONVERSION = YES;
				GCC_WARN_ABOUT_RETURN_TYPE = YES_ERROR;
				GCC_WARN_UNDECLARED_SELECTOR = YES;
				GCC_WARN_UNINITIALIZED_AUTOS = YES_AGGRESSIVE;
				GCC_WARN_UNUSED_FUNCTION = YES;
				GCC_WARN_UNUSED_VARIABLE = YES;
				IPHONEOS_DEPLOYMENT_TARGET = 13.2;
				MTL_ENABLE_DEBUG_INFO = NO;
				MTL_FAST_MATH = YES;
				SDKROOT = iphoneos;
				SWIFT_COMPILATION_MODE = wholemodule;
				SWIFT_OPTIMIZATION_LEVEL = "-O";
				VALIDATE_PRODUCT = YES;
			};
			name = Release;
		};
		8403363323FC1161000620F3 /* Debug */ = {
			isa = XCBuildConfiguration;
			buildSettings = {
				ASSETCATALOG_COMPILER_APPICON_NAME = AppIcon;
				CODE_SIGN_STYLE = Automatic;
				DEVELOPMENT_TEAM = 7B7C7RT6VB;
				INFOPLIST_FILE = TableViewDemo/Info.plist;
				LD_RUNPATH_SEARCH_PATHS = (
					"$(inherited)",
					"@executable_path/Frameworks",
				);
				PRODUCT_BUNDLE_IDENTIFIER = Private.TableViewDemo;
				PRODUCT_NAME = "$(TARGET_NAME)";
				SWIFT_VERSION = 5.0;
				TARGETED_DEVICE_FAMILY = "1,2";
			};
			name = Debug;
		};
		8403363423FC1161000620F3 /* Release */ = {
			isa = XCBuildConfiguration;
			buildSettings = {
				ASSETCATALOG_COMPILER_APPICON_NAME = AppIcon;
				CODE_SIGN_STYLE = Automatic;
				DEVELOPMENT_TEAM = 7B7C7RT6VB;
				INFOPLIST_FILE = TableViewDemo/Info.plist;
				LD_RUNPATH_SEARCH_PATHS = (
					"$(inherited)",
					"@executable_path/Frameworks",
				);
				PRODUCT_BUNDLE_IDENTIFIER = Private.TableViewDemo;
				PRODUCT_NAME = "$(TARGET_NAME)";
				SWIFT_VERSION = 5.0;
				TARGETED_DEVICE_FAMILY = "1,2";
			};
			name = Release;
		};
/* End XCBuildConfiguration section */

/* Begin XCConfigurationList section */
		8403361923FC115F000620F3 /* Build configuration list for PBXProject "TableViewDemo" */ = {
			isa = XCConfigurationList;
			buildConfigurations = (
				8403363023FC1161000620F3 /* Debug */,
				8403363123FC1161000620F3 /* Release */,
			);
			defaultConfigurationIsVisible = 0;
			defaultConfigurationName = Release;
		};
		8403363223FC1161000620F3 /* Build configuration list for PBXNativeTarget "TableViewDemo" */ = {
			isa = XCConfigurationList;
			buildConfigurations = (
				8403363323FC1161000620F3 /* Debug */,
				8403363423FC1161000620F3 /* Release */,
			);
			defaultConfigurationIsVisible = 0;
			defaultConfigurationName = Release;
		};
/* End XCConfigurationList section */
	};
	rootObject = 8403361623FC115F000620F3 /* Project object */;
}
